
Microsoft Visual Studio Solution File, Format Version 12.00
# Visual Studio Version 16
VisualStudioVersion = 16.0.32802.440
MinimumVisualStudioVersion = 10.0.40219.1
Project("{FAE04EC0-301F-11D3-BF4B-00C04F79EFBC}") = "Calculator", "Calculator\Calculator.csproj", "{4E8512DF-3A06-4E30-9F80-24BD05CE38F0}"
EndProject
Global
	GlobalSection(SolutionConfigurationPlatforms) = preSolution
		Debug|Any CPU = Debug|Any CPU
		Release|Any CPU = Release|Any CPU
	EndGlobalSection
	GlobalSection(ProjectConfigurationPlatforms) = postSolution
		{4E8512DF-3A06-4E30-9F80-24BD05CE38F0}.Debug|Any CPU.ActiveCfg = Debug|Any CPU
		{4E8512DF-3A06-4E30-9F80-24BD05CE38F0}.Debug|Any CPU.Build.0 = Debug|Any CPU
		{4E8512DF-3A06-4E30-9F80-24BD05CE38F0}.Release|Any CPU.ActiveCfg = Release|Any CPU
		{4E8512DF-3A06-4E30-9F80-24BD05CE38F0}.Release|Any CPU.Build.0 = Release|Any CPU
	EndGlobalSection
	GlobalSection(SolutionProperties) = preSolution
		HideSolutionNode = FALSE
	EndGlobalSection
	GlobalSection(ExtensibilityGlobals) = postSolution
		SolutionGuid = {3A714D6E-ADBD-4D69-B179-EF51142B8442}
	EndGlobalSection
EndGlobal
